# This file is automatically @generated by Poetry and should not be changed by hand.

[[package]]
name = "sandbox"
version = "0.1.0"
description = ""
category = "main"
optional = false
python-versions = ">=3.7"
files = [
    {file = "sandbox-0.1.0-cp310-none-win_amd64.whl", hash = "sha256:49beb747b1563bb501229b62adf457a60cfd9aff0c57d595a02fc17c111c9d77"},
]

[package.source]
type = "file"
url = "../target/wheels/sandbox-0.1.0-cp310-none-win_amd64.whl"

[metadata]
lock-version = "2.0"
python-versions = "^3.11"
content-hash = "c998425fc5a87e20a2a1d2495934750ecad2af71e0600e750d93af59a1ce0b21"
